
Microsoft Visual Studio Solution File, Format Version 12.00
# Visual Studio 15
VisualStudioVersion = 15.0.28307.960
MinimumVisualStudioVersion = 10.0.40219.1
Project("{FAE04EC0-301F-11D3-BF4B-00C04F79EFBC}") = "TemplateMethod", "TemplateMethod\TemplateMethod.csproj", "{696E08D4-7590-4272-A083-D5A490AE7812}"
EndProject
Project("{FAE04EC0-301F-11D3-BF4B-00C04F79EFBC}") = "TemplateMethodRealWorld", "TemplateMethodRealWorld\TemplateMethodRealWorld.csproj", "{34DC1EC7-A2A9-4E67-B3B1-1FF35F8FDC1A}"
EndProject
Global
	GlobalSection(SolutionConfigurationPlatforms) = preSolution
		Debug|Any CPU = Debug|Any CPU
		Release|Any CPU = Release|Any CPU
	EndGlobalSection
	GlobalSection(ProjectConfigurationPlatforms) = postSolution
		{696E08D4-7590-4272-A083-D5A490AE7812}.Debug|Any CPU.ActiveCfg = Debug|Any CPU
		{696E08D4-7590-4272-A083-D5A490AE7812}.Debug|Any CPU.Build.0 = Debug|Any CPU
		{696E08D4-7590-4272-A083-D5A490AE7812}.Release|Any CPU.ActiveCfg = Release|Any CPU
		{696E08D4-7590-4272-A083-D5A490AE7812}.Release|Any CPU.Build.0 = Release|Any CPU
		{34DC1EC7-A2A9-4E67-B3B1-1FF35F8FDC1A}.Debug|Any CPU.ActiveCfg = Debug|Any CPU
		{34DC1EC7-A2A9-4E67-B3B1-1FF35F8FDC1A}.Debug|Any CPU.Build.0 = Debug|Any CPU
		{34DC1EC7-A2A9-4E67-B3B1-1FF35F8FDC1A}.Release|Any CPU.ActiveCfg = Release|Any CPU
		{34DC1EC7-A2A9-4E67-B3B1-1FF35F8FDC1A}.Release|Any CPU.Build.0 = Release|Any CPU
	EndGlobalSection
	GlobalSection(SolutionProperties) = preSolution
		HideSolutionNode = FALSE
	EndGlobalSection
	GlobalSection(ExtensibilityGlobals) = postSolution
		SolutionGuid = {AAADEB0F-9A3D-4397-A278-356AD3AFFCD1}
	EndGlobalSection
EndGlobal
